
Microsoft Visual Studio Solution File, Format Version 12.00
# Visual Studio 15
VisualStudioVersion = 15.0.27130.2026
MinimumVisualStudioVersion = 10.0.40219.1
Project("{8BC9CEB8-8B4A-11D0-8D11-00A0C91BC942}") = "LectureOne", "LectureOne\LectureOne.vcxproj", "{6671DAF1-E078-40AB-867C-1DDAE9EDCA01}"
EndProject
Project("{8BC9CEB8-8B4A-11D0-8D11-00A0C91BC942}") = "Galgje", "Galgje\Galgje.vcxproj", "{D3923F22-928A-4EAD-A05F-7E5521FAFCEE}"
EndProject
Project("{FAE04EC0-301F-11D3-BF4B-00C04F79EFBC}") = "TestEnvo", "TestEnvo\TestEnvo.csproj", "{E0C8BE9D-A0EE-4635-95C4-FA83C3FD1F0E}"
EndProject
Project("{8BC9CEB8-8B4A-11D0-8D11-00A0C91BC942}") = "LectureDLL", "LectureDLL\LectureDLL.vcxproj", "{DE972D76-A4C9-4B39-A012-8177188D8DEA}"
EndProject
Project("{8BC9CEB8-8B4A-11D0-8D11-00A0C91BC942}") = "LectureTwo", "LectureTwo\LectureTwo.vcxproj", "{992EB920-5E93-40E0-94AE-92E9635EB6CD}"
EndProject
Project("{8BC9CEB8-8B4A-11D0-8D11-00A0C91BC942}") = "LectureThree", "LectureThree\LectureThree.vcxproj", "{073EA94C-DBA3-4CF4-B493-AE344745A4D1}"
EndProject
Project("{8BC9CEB8-8B4A-11D0-8D11-00A0C91BC942}") = "LectureFour", "LectureFour\LectureFour.vcxproj", "{B5CB7006-27AA-40DF-B654-1B17E0679AF6}"
EndProject
Project("{8BC9CEB8-8B4A-11D0-8D11-00A0C91BC942}") = "StaticLibWorksCAP", "StaticLibWorksCAP\StaticLibWorksCAP.vcxproj", "{A840985C-FF89-4CB9-908D-B63A65A06BBC}"
EndProject
Project("{8BC9CEB8-8B4A-11D0-8D11-00A0C91BC942}") = "LectureFourUsingLib", "LectureFourUsingLib\LectureFourUsingLib.vcxproj", "{258E781B-1484-4057-9549-4B18F9644D12}"
EndProject
Global
	GlobalSection(SolutionConfigurationPlatforms) = preSolution
		Debug|Any CPU = Debug|Any CPU
		Debug|x64 = Debug|x64
		Debug|x86 = Debug|x86
		Release|Any CPU = Release|Any CPU
		Release|x64 = Release|x64
		Release|x86 = Release|x86
	EndGlobalSection
	GlobalSection(ProjectConfigurationPlatforms) = postSolution
		{6671DAF1-E078-40AB-867C-1DDAE9EDCA01}.Debug|Any CPU.ActiveCfg = Debug|Win32
		{6671DAF1-E078-40AB-867C-1DDAE9EDCA01}.Debug|x64.ActiveCfg = Debug|x64
		{6671DAF1-E078-40AB-867C-1DDAE9EDCA01}.Debug|x64.Build.0 = Debug|x64
		{6671DAF1-E078-40AB-867C-1DDAE9EDCA01}.Debug|x86.ActiveCfg = Debug|Win32
		{6671DAF1-E078-40AB-867C-1DDAE9EDCA01}.Debug|x86.Build.0 = Debug|Win32
		{6671DAF1-E078-40AB-867C-1DDAE9EDCA01}.Release|Any CPU.ActiveCfg = Release|Win32
		{6671DAF1-E078-40AB-867C-1DDAE9EDCA01}.Release|x64.ActiveCfg = Release|x64
		{6671DAF1-E078-40AB-867C-1DDAE9EDCA01}.Release|x64.Build.0 = Release|x64
		{6671DAF1-E078-40AB-867C-1DDAE9EDCA01}.Release|x86.ActiveCfg = Release|Win32
		{6671DAF1-E078-40AB-867C-1DDAE9EDCA01}.Release|x86.Build.0 = Release|Win32
		{D3923F22-928A-4EAD-A05F-7E5521FAFCEE}.Debug|Any CPU.ActiveCfg = Debug|Win32
		{D3923F22-928A-4EAD-A05F-7E5521FAFCEE}.Debug|x64.ActiveCfg = Debug|x64
		{D3923F22-928A-4EAD-A05F-7E5521FAFCEE}.Debug|x64.Build.0 = Debug|x64
		{D3923F22-928A-4EAD-A05F-7E5521FAFCEE}.Debug|x86.ActiveCfg = Debug|Win32
		{D3923F22-928A-4EAD-A05F-7E5521FAFCEE}.Debug|x86.Build.0 = Debug|Win32
		{D3923F22-928A-4EAD-A05F-7E5521FAFCEE}.Release|Any CPU.ActiveCfg = Release|Win32
		{D3923F22-928A-4EAD-A05F-7E5521FAFCEE}.Release|x64.ActiveCfg = Release|x64
		{D3923F22-928A-4EAD-A05F-7E5521FAFCEE}.Release|x64.Build.0 = Release|x64
		{D3923F22-928A-4EAD-A05F-7E5521FAFCEE}.Release|x86.ActiveCfg = Release|Win32
		{D3923F22-928A-4EAD-A05F-7E5521FAFCEE}.Release|x86.Build.0 = Release|Win32
		{E0C8BE9D-A0EE-4635-95C4-FA83C3FD1F0E}.Debug|Any CPU.ActiveCfg = Debug|Any CPU
		{E0C8BE9D-A0EE-4635-95C4-FA83C3FD1F0E}.Debug|Any CPU.Build.0 = Debug|Any CPU
		{E0C8BE9D-A0EE-4635-95C4-FA83C3FD1F0E}.Debug|x64.ActiveCfg = Debug|Any CPU
		{E0C8BE9D-A0EE-4635-95C4-FA83C3FD1F0E}.Debug|x64.Build.0 = Debug|Any CPU
		{E0C8BE9D-A0EE-4635-95C4-FA83C3FD1F0E}.Debug|x86.ActiveCfg = Debug|Any CPU
		{E0C8BE9D-A0EE-4635-95C4-FA83C3FD1F0E}.Debug|x86.Build.0 = Debug|Any CPU
		{E0C8BE9D-A0EE-4635-95C4-FA83C3FD1F0E}.Release|Any CPU.ActiveCfg = Release|Any CPU
		{E0C8BE9D-A0EE-4635-95C4-FA83C3FD1F0E}.Release|Any CPU.Build.0 = Release|Any CPU
		{E0C8BE9D-A0EE-4635-95C4-FA83C3FD1F0E}.Release|x64.ActiveCfg = Release|Any CPU
		{E0C8BE9D-A0EE-4635-95C4-FA83C3FD1F0E}.Release|x64.Build.0 = Release|Any CPU
		{E0C8BE9D-A0EE-4635-95C4-FA83C3FD1F0E}.Release|x86.ActiveCfg = Release|Any CPU
		{E0C8BE9D-A0EE-4635-95C4-FA83C3FD1F0E}.Release|x86.Build.0 = Release|Any CPU
		{DE972D76-A4C9-4B39-A012-8177188D8DEA}.Debug|Any CPU.ActiveCfg = Debug|Win32
		{DE972D76-A4C9-4B39-A012-8177188D8DEA}.Debug|x64.ActiveCfg = Debug|x64
		{DE972D76-A4C9-4B39-A012-8177188D8DEA}.Debug|x64.Build.0 = Debug|x64
		{DE972D76-A4C9-4B39-A012-8177188D8DEA}.Debug|x86.ActiveCfg = Debug|Win32
		{DE972D76-A4C9-4B39-A012-8177188D8DEA}.Debug|x86.Build.0 = Debug|Win32
		{DE972D76-A4C9-4B39-A012-8177188D8DEA}.Release|Any CPU.ActiveCfg = Release|Win32
		{DE972D76-A4C9-4B39-A012-8177188D8DEA}.Release|x64.ActiveCfg = Release|x64
		{DE972D76-A4C9-4B39-A012-8177188D8DEA}.Release|x64.Build.0 = Release|x64
		{DE972D76-A4C9-4B39-A012-8177188D8DEA}.Release|x86.ActiveCfg = Release|Win32
		{DE972D76-A4C9-4B39-A012-8177188D8DEA}.Release|x86.Build.0 = Release|Win32
		{992EB920-5E93-40E0-94AE-92E9635EB6CD}.Debug|Any CPU.ActiveCfg = Debug|Win32
		{992EB920-5E93-40E0-94AE-92E9635EB6CD}.Debug|x64.ActiveCfg = Debug|x64
		{992EB920-5E93-40E0-94AE-92E9635EB6CD}.Debug|x64.Build.0 = Debug|x64
		{992EB920-5E93-40E0-94AE-92E9635EB6CD}.Debug|x86.ActiveCfg = Debug|Win32
		{992EB920-5E93-40E0-94AE-92E9635EB6CD}.Debug|x86.Build.0 = Debug|Win32
		{992EB920-5E93-40E0-94AE-92E9635EB6CD}.Release|Any CPU.ActiveCfg = Release|Win32
		{992EB920-5E93-40E0-94AE-92E9635EB6CD}.Release|x64.ActiveCfg = Release|x64
		{992EB920-5E93-40E0-94AE-92E9635EB6CD}.Release|x64.Build.0 = Release|x64
		{992EB920-5E93-40E0-94AE-92E9635EB6CD}.Release|x86.ActiveCfg = Release|Win32
		{992EB920-5E93-40E0-94AE-92E9635EB6CD}.Release|x86.Build.0 = Release|Win32
		{073EA94C-DBA3-4CF4-B493-AE344745A4D1}.Debug|Any CPU.ActiveCfg = Debug|Win32
		{073EA94C-DBA3-4CF4-B493-AE344745A4D1}.Debug|x64.ActiveCfg = Debug|x64
		{073EA94C-DBA3-4CF4-B493-AE344745A4D1}.Debug|x64.Build.0 = Debug|x64
		{073EA94C-DBA3-4CF4-B493-AE344745A4D1}.Debug|x86.ActiveCfg = Debug|Win32
		{073EA94C-DBA3-4CF4-B493-AE344745A4D1}.Debug|x86.Build.0 = Debug|Win32
		{073EA94C-DBA3-4CF4-B493-AE344745A4D1}.Release|Any CPU.ActiveCfg = Release|Win32
		{073EA94C-DBA3-4CF4-B493-AE344745A4D1}.Release|x64.ActiveCfg = Release|x64
		{073EA94C-DBA3-4CF4-B493-AE344745A4D1}.Release|x64.Build.0 = Release|x64
		{073EA94C-DBA3-4CF4-B493-AE344745A4D1}.Release|x86.ActiveCfg = Release|Win32
		{073EA94C-DBA3-4CF4-B493-AE344745A4D1}.Release|x86.Build.0 = Release|Win32
		{B5CB7006-27AA-40DF-B654-1B17E0679AF6}.Debug|Any CPU.ActiveCfg = Debug|Win32
		{B5CB7006-27AA-40DF-B654-1B17E0679AF6}.Debug|x64.ActiveCfg = Debug|x64
		{B5CB7006-27AA-40DF-B654-1B17E0679AF6}.Debug|x64.Build.0 = Debug|x64
		{B5CB7006-27AA-40DF-B654-1B17E0679AF6}.Debug|x86.ActiveCfg = Debug|Win32
		{B5CB7006-27AA-40DF-B654-1B17E0679AF6}.Debug|x86.Build.0 = Debug|Win32
		{B5CB7006-27AA-40DF-B654-1B17E0679AF6}.Release|Any CPU.ActiveCfg = Release|Win32
		{B5CB7006-27AA-40DF-B654-1B17E0679AF6}.Release|x64.ActiveCfg = Release|x64
		{B5CB7006-27AA-40DF-B654-1B17E0679AF6}.Release|x64.Build.0 = Release|x64
		{B5CB7006-27AA-40DF-B654-1B17E0679AF6}.Release|x86.ActiveCfg = Release|Win32
		{B5CB7006-27AA-40DF-B654-1B17E0679AF6}.Release|x86.Build.0 = Release|Win32
		{A840985C-FF89-4CB9-908D-B63A65A06BBC}.Debug|Any CPU.ActiveCfg = Debug|Win32
		{A840985C-FF89-4CB9-908D-B63A65A06BBC}.Debug|x64.ActiveCfg = Debug|x64
		{A840985C-FF89-4CB9-908D-B63A65A06BBC}.Debug|x64.Build.0 = Debug|x64
		{A840985C-FF89-4CB9-908D-B63A65A06BBC}.Debug|x86.ActiveCfg = Debug|Win32
		{A840985C-FF89-4CB9-908D-B63A65A06BBC}.Debug|x86.Build.0 = Debug|Win32
		{A840985C-FF89-4CB9-908D-B63A65A06BBC}.Release|Any CPU.ActiveCfg = Release|Win32
		{A840985C-FF89-4CB9-908D-B63A65A06BBC}.Release|x64.ActiveCfg = Release|x64
		{A840985C-FF89-4CB9-908D-B63A65A06BBC}.Release|x64.Build.0 = Release|x64
		{A840985C-FF89-4CB9-908D-B63A65A06BBC}.Release|x86.ActiveCfg = Release|Win32
		{A840985C-FF89-4CB9-908D-B63A65A06BBC}.Release|x86.Build.0 = Release|Win32
		{258E781B-1484-4057-9549-4B18F9644D12}.Debug|Any CPU.ActiveCfg = Debug|Win32
		{258E781B-1484-4057-9549-4B18F9644D12}.Debug|x64.ActiveCfg = Debug|x64
		{258E781B-1484-4057-9549-4B18F9644D12}.Debug|x64.Build.0 = Debug|x64
		{258E781B-1484-4057-9549-4B18F9644D12}.Debug|x86.ActiveCfg = Debug|Win32
		{258E781B-1484-4057-9549-4B18F9644D12}.Debug|x86.Build.0 = Debug|Win32
		{258E781B-1484-4057-9549-4B18F9644D12}.Release|Any CPU.ActiveCfg = Release|Win32
		{258E781B-1484-4057-9549-4B18F9644D12}.Release|x64.ActiveCfg = Release|x64
		{258E781B-1484-4057-9549-4B18F9644D12}.Release|x64.Build.0 = Release|x64
		{258E781B-1484-4057-9549-4B18F9644D12}.Release|x86.ActiveCfg = Release|Win32
		{258E781B-1484-4057-9549-4B18F9644D12}.Release|x86.Build.0 = Release|Win32
	EndGlobalSection
	GlobalSection(SolutionProperties) = preSolution
		HideSolutionNode = FALSE
	EndGlobalSection
	GlobalSection(ExtensibilityGlobals) = postSolution
		SolutionGuid = {9408A122-2061-4292-8639-27BAD406EC8A}
	EndGlobalSection
EndGlobal
